
Microsoft Visual Studio Solution File, Format Version 12.00
# Visual Studio Version 17
VisualStudioVersion = 17.9.34607.119
MinimumVisualStudioVersion = 10.0.40219.1
Project("{FAE04EC0-301F-11D3-BF4B-00C04F79EFBC}") = "Oop", "Oop\Oop.csproj", "{1F5D8469-9377-4C0E-9148-F2279FC17CFC}"
EndProject
Global
	GlobalSection(SolutionConfigurationPlatforms) = preSolution
		Debug|Any CPU = Debug|Any CPU
		Release|Any CPU = Release|Any CPU
	EndGlobalSection
	GlobalSection(ProjectConfigurationPlatforms) = postSolution
		{1F5D8469-9377-4C0E-9148-F2279FC17CFC}.Debug|Any CPU.ActiveCfg = Debug|Any CPU
		{1F5D8469-9377-4C0E-9148-F2279FC17CFC}.Debug|Any CPU.Build.0 = Debug|Any CPU
		{1F5D8469-9377-4C0E-9148-F2279FC17CFC}.Release|Any CPU.ActiveCfg = Release|Any CPU
		{1F5D8469-9377-4C0E-9148-F2279FC17CFC}.Release|Any CPU.Build.0 = Release|Any CPU
	EndGlobalSection
	GlobalSection(SolutionProperties) = preSolution
		HideSolutionNode = FALSE
	EndGlobalSection
	GlobalSection(ExtensibilityGlobals) = postSolution
		SolutionGuid = {EB9ED569-A0FB-4EB6-BD65-3C38EDC13DEC}
	EndGlobalSection
EndGlobal
